
Microsoft Visual Studio Solution File, Format Version 12.00
# Visual Studio Version 16
VisualStudioVersion = 16.0.30002.166
MinimumVisualStudioVersion = 10.0.40219.1
Project("{8BC9CEB8-8B4A-11D0-8D11-00A0C91BC942}") = "SudokuCore", "SudokuCore\SudokuCore\SudokuCore.vcxproj", "{8C4BD8F3-3482-4A59-A111-B7C0B5B6F3B4}"
EndProject
Project("{FAE04EC0-301F-11D3-BF4B-00C04F79EFBC}") = "SudokuSolver", "SudokuSolver\SudokuSolver.csproj", "{A4907144-5CEE-4938-8E10-9C8B96751448}"
EndProject
Global
	GlobalSection(SolutionConfigurationPlatforms) = preSolution
		Debug|Any CPU = Debug|Any CPU
		Debug|x64 = Debug|x64
		Debug|x86 = Debug|x86
		Release|Any CPU = Release|Any CPU
		Release|x64 = Release|x64
		Release|x86 = Release|x86
	EndGlobalSection
	GlobalSection(ProjectConfigurationPlatforms) = postSolution
		{8C4BD8F3-3482-4A59-A111-B7C0B5B6F3B4}.Debug|Any CPU.ActiveCfg = Debug|Win32
		{8C4BD8F3-3482-4A59-A111-B7C0B5B6F3B4}.Debug|x64.ActiveCfg = Debug|x64
		{8C4BD8F3-3482-4A59-A111-B7C0B5B6F3B4}.Debug|x64.Build.0 = Debug|x64
		{8C4BD8F3-3482-4A59-A111-B7C0B5B6F3B4}.Debug|x86.ActiveCfg = Debug|Win32
		{8C4BD8F3-3482-4A59-A111-B7C0B5B6F3B4}.Debug|x86.Build.0 = Debug|Win32
		{8C4BD8F3-3482-4A59-A111-B7C0B5B6F3B4}.Release|Any CPU.ActiveCfg = Release|Win32
		{8C4BD8F3-3482-4A59-A111-B7C0B5B6F3B4}.Release|x64.ActiveCfg = Release|x64
		{8C4BD8F3-3482-4A59-A111-B7C0B5B6F3B4}.Release|x64.Build.0 = Release|x64
		{8C4BD8F3-3482-4A59-A111-B7C0B5B6F3B4}.Release|x86.ActiveCfg = Release|Win32
		{8C4BD8F3-3482-4A59-A111-B7C0B5B6F3B4}.Release|x86.Build.0 = Release|Win32
		{A4907144-5CEE-4938-8E10-9C8B96751448}.Debug|Any CPU.ActiveCfg = Debug|Any CPU
		{A4907144-5CEE-4938-8E10-9C8B96751448}.Debug|Any CPU.Build.0 = Debug|Any CPU
		{A4907144-5CEE-4938-8E10-9C8B96751448}.Debug|x64.ActiveCfg = Debug|Any CPU
		{A4907144-5CEE-4938-8E10-9C8B96751448}.Debug|x64.Build.0 = Debug|Any CPU
		{A4907144-5CEE-4938-8E10-9C8B96751448}.Debug|x86.ActiveCfg = Debug|Any CPU
		{A4907144-5CEE-4938-8E10-9C8B96751448}.Debug|x86.Build.0 = Debug|Any CPU
		{A4907144-5CEE-4938-8E10-9C8B96751448}.Release|Any CPU.ActiveCfg = Release|Any CPU
		{A4907144-5CEE-4938-8E10-9C8B96751448}.Release|Any CPU.Build.0 = Release|Any CPU
		{A4907144-5CEE-4938-8E10-9C8B96751448}.Release|x64.ActiveCfg = Release|Any CPU
		{A4907144-5CEE-4938-8E10-9C8B96751448}.Release|x64.Build.0 = Release|Any CPU
		{A4907144-5CEE-4938-8E10-9C8B96751448}.Release|x86.ActiveCfg = Release|Any CPU
		{A4907144-5CEE-4938-8E10-9C8B96751448}.Release|x86.Build.0 = Release|Any CPU
	EndGlobalSection
	GlobalSection(SolutionProperties) = preSolution
		HideSolutionNode = FALSE
	EndGlobalSection
	GlobalSection(ExtensibilityGlobals) = postSolution
		SolutionGuid = {685E69ED-189F-4332-84CD-930712A71B5F}
	EndGlobalSection
EndGlobal
