
Microsoft Visual Studio Solution File, Format Version 12.00
# Visual Studio Version 16
VisualStudioVersion = 16.0.29411.108
MinimumVisualStudioVersion = 10.0.40219.1
Project("{FAE04EC0-301F-11D3-BF4B-00C04F79EFBC}") = "2.6", "2.6\2.6.csproj", "{19CB9B28-E9AD-4273-BC08-48F2C81351AD}"
EndProject
Global
	GlobalSection(SolutionConfigurationPlatforms) = preSolution
		Debug|Any CPU = Debug|Any CPU
		Release|Any CPU = Release|Any CPU
	EndGlobalSection
	GlobalSection(ProjectConfigurationPlatforms) = postSolution
		{19CB9B28-E9AD-4273-BC08-48F2C81351AD}.Debug|Any CPU.ActiveCfg = Debug|Any CPU
		{19CB9B28-E9AD-4273-BC08-48F2C81351AD}.Debug|Any CPU.Build.0 = Debug|Any CPU
		{19CB9B28-E9AD-4273-BC08-48F2C81351AD}.Release|Any CPU.ActiveCfg = Release|Any CPU
		{19CB9B28-E9AD-4273-BC08-48F2C81351AD}.Release|Any CPU.Build.0 = Release|Any CPU
	EndGlobalSection
	GlobalSection(SolutionProperties) = preSolution
		HideSolutionNode = FALSE
	EndGlobalSection
	GlobalSection(ExtensibilityGlobals) = postSolution
		SolutionGuid = {A76E7D67-4028-40A1-8200-0230987D3278}
	EndGlobalSection
EndGlobal
