
Microsoft Visual Studio Solution File, Format Version 12.00
Project("{FAE04EC0-301F-11D3-BF4B-00C04F79EFBC}") = "ETL", "ETL\ETL.csproj", "{99B29DF5-1CDA-422B-95CA-937D1ACE8869}"
EndProject
Project("{FAE04EC0-301F-11D3-BF4B-00C04F79EFBC}") = "ETL.DataAccess", "ETL.DataAccess\ETL.DataAccess.csproj", "{75812C69-97DE-4300-B74F-C979E347FD9D}"
EndProject
Project("{FAE04EC0-301F-11D3-BF4B-00C04F79EFBC}") = "ETL.Models", "ETL.Models\ETL.Models.csproj", "{7B312241-975F-4FCF-915B-8312B4AC746B}"
EndProject
Project("{FAE04EC0-301F-11D3-BF4B-00C04F79EFBC}") = "ETL.DataManager", "ETL.DataManager\ETL.DataManager.csproj", "{895FE599-8ACF-4A3C-822B-42532CCA5F5B}"
EndProject
Project("{FAE04EC0-301F-11D3-BF4B-00C04F79EFBC}") = "ETL.FileManager", "ETL.FileManager\ETL.FileManager.csproj", "{21FC8137-9224-4A5A-BEC2-C82640348A55}"
EndProject
Project("{FAE04EC0-301F-11D3-BF4B-00C04F79EFBC}") = "ETL.ConfigManager", "ETL.ConfigManager\ETL.ConfigManager.csproj", "{B6D6B81F-AEF7-4E30-8420-7D869267D933}"
EndProject
Project("{FAE04EC0-301F-11D3-BF4B-00C04F79EFBC}") = "ETL.ServiceManager", "ETL.ServiceManager\ETL.ServiceManager.csproj", "{94B77281-6876-44F0-8689-7279F0594DAC}"
EndProject
Global
	GlobalSection(SolutionConfigurationPlatforms) = preSolution
		Debug|Any CPU = Debug|Any CPU
		Release|Any CPU = Release|Any CPU
	EndGlobalSection
	GlobalSection(ProjectConfigurationPlatforms) = postSolution
		{99B29DF5-1CDA-422B-95CA-937D1ACE8869}.Debug|Any CPU.ActiveCfg = Debug|Any CPU
		{99B29DF5-1CDA-422B-95CA-937D1ACE8869}.Debug|Any CPU.Build.0 = Debug|Any CPU
		{99B29DF5-1CDA-422B-95CA-937D1ACE8869}.Release|Any CPU.ActiveCfg = Release|Any CPU
		{99B29DF5-1CDA-422B-95CA-937D1ACE8869}.Release|Any CPU.Build.0 = Release|Any CPU
		{75812C69-97DE-4300-B74F-C979E347FD9D}.Debug|Any CPU.ActiveCfg = Debug|Any CPU
		{75812C69-97DE-4300-B74F-C979E347FD9D}.Debug|Any CPU.Build.0 = Debug|Any CPU
		{75812C69-97DE-4300-B74F-C979E347FD9D}.Release|Any CPU.ActiveCfg = Release|Any CPU
		{75812C69-97DE-4300-B74F-C979E347FD9D}.Release|Any CPU.Build.0 = Release|Any CPU
		{7B312241-975F-4FCF-915B-8312B4AC746B}.Debug|Any CPU.ActiveCfg = Debug|Any CPU
		{7B312241-975F-4FCF-915B-8312B4AC746B}.Debug|Any CPU.Build.0 = Debug|Any CPU
		{7B312241-975F-4FCF-915B-8312B4AC746B}.Release|Any CPU.ActiveCfg = Release|Any CPU
		{7B312241-975F-4FCF-915B-8312B4AC746B}.Release|Any CPU.Build.0 = Release|Any CPU
		{895FE599-8ACF-4A3C-822B-42532CCA5F5B}.Debug|Any CPU.ActiveCfg = Debug|Any CPU
		{895FE599-8ACF-4A3C-822B-42532CCA5F5B}.Debug|Any CPU.Build.0 = Debug|Any CPU
		{895FE599-8ACF-4A3C-822B-42532CCA5F5B}.Release|Any CPU.ActiveCfg = Release|Any CPU
		{895FE599-8ACF-4A3C-822B-42532CCA5F5B}.Release|Any CPU.Build.0 = Release|Any CPU
		{21FC8137-9224-4A5A-BEC2-C82640348A55}.Debug|Any CPU.ActiveCfg = Debug|Any CPU
		{21FC8137-9224-4A5A-BEC2-C82640348A55}.Debug|Any CPU.Build.0 = Debug|Any CPU
		{21FC8137-9224-4A5A-BEC2-C82640348A55}.Release|Any CPU.ActiveCfg = Release|Any CPU
		{21FC8137-9224-4A5A-BEC2-C82640348A55}.Release|Any CPU.Build.0 = Release|Any CPU
		{B6D6B81F-AEF7-4E30-8420-7D869267D933}.Debug|Any CPU.ActiveCfg = Debug|Any CPU
		{B6D6B81F-AEF7-4E30-8420-7D869267D933}.Debug|Any CPU.Build.0 = Debug|Any CPU
		{B6D6B81F-AEF7-4E30-8420-7D869267D933}.Release|Any CPU.ActiveCfg = Release|Any CPU
		{B6D6B81F-AEF7-4E30-8420-7D869267D933}.Release|Any CPU.Build.0 = Release|Any CPU
		{94B77281-6876-44F0-8689-7279F0594DAC}.Debug|Any CPU.ActiveCfg = Debug|Any CPU
		{94B77281-6876-44F0-8689-7279F0594DAC}.Debug|Any CPU.Build.0 = Debug|Any CPU
		{94B77281-6876-44F0-8689-7279F0594DAC}.Release|Any CPU.ActiveCfg = Release|Any CPU
		{94B77281-6876-44F0-8689-7279F0594DAC}.Release|Any CPU.Build.0 = Release|Any CPU
	EndGlobalSection
EndGlobal
